
Microsoft Visual Studio Solution File, Format Version 12.00
# Visual Studio 2015
Project("{FAE04EC0-301F-11D3-BF4B-00C04F79EFBC}") = "COMP305-F2016-Assignment2-TrickOrTreat.CSharp", "COMP305-F2016-Assignment2-TrickOrTreat.CSharp.csproj", "{2E0EB9EE-18A8-1B43-49FC-71773EB46ADA}"
EndProject
Global
	GlobalSection(SolutionConfigurationPlatforms) = preSolution
		Debug|Any CPU = Debug|Any CPU
		Release|Any CPU = Release|Any CPU
	EndGlobalSection
	GlobalSection(ProjectConfigurationPlatforms) = postSolution
		{2E0EB9EE-18A8-1B43-49FC-71773EB46ADA}.Debug|Any CPU.ActiveCfg = Debug|Any CPU
		{2E0EB9EE-18A8-1B43-49FC-71773EB46ADA}.Debug|Any CPU.Build.0 = Debug|Any CPU
		{2E0EB9EE-18A8-1B43-49FC-71773EB46ADA}.Release|Any CPU.ActiveCfg = Release|Any CPU
		{2E0EB9EE-18A8-1B43-49FC-71773EB46ADA}.Release|Any CPU.Build.0 = Release|Any CPU
	EndGlobalSection
	GlobalSection(SolutionProperties) = preSolution
		HideSolutionNode = FALSE
	EndGlobalSection
EndGlobal
